
Microsoft Visual Studio Solution File, Format Version 12.00
# Visual Studio Version 17
VisualStudioVersion = 17.11.35222.181
MinimumVisualStudioVersion = 10.0.40219.1
Project("{9A19103F-16F7-4668-BE54-9A1E7A4F7556}") = "Quotes.Api", "Quotes.Api\Quotes.Api.csproj", "{D0539B17-F556-4512-9EBE-4AD173EF7708}"
EndProject
Project("{9A19103F-16F7-4668-BE54-9A1E7A4F7556}") = "Quotes.Data", "Quotes.Data\Quotes.Data.csproj", "{D68DB3AA-A815-4183-8BE3-B7C5056E8932}"
EndProject
Project("{9A19103F-16F7-4668-BE54-9A1E7A4F7556}") = "Quotes.Service", "Quotes.Service\Quotes.Service.csproj", "{FA480DD5-7871-46D3-A1F8-B37D3FA11FA5}"
EndProject
Project("{9A19103F-16F7-4668-BE54-9A1E7A4F7556}") = "Quotes.UI", "Quotes.UI\Quotes.UI.csproj", "{AAFF2910-1150-491A-8A7C-C9FFA98C1375}"
EndProject
Project("{2150E333-8FDC-42A3-9474-1A3956D46DE8}") = "UI", "UI", "{9E3EE64F-EF9A-4E0C-902D-2F3DA7B544FB}"
EndProject
Project("{2150E333-8FDC-42A3-9474-1A3956D46DE8}") = "API", "API", "{7E1AEDE3-5D92-4E20-A03F-1F54BB8B949D}"
EndProject
Project("{9A19103F-16F7-4668-BE54-9A1E7A4F7556}") = "Quotes.UI.Service", "Quotes.UI.Service\Quotes.UI.Service.csproj", "{9AB4D4B9-7F63-43A3-88D0-ECA624DEFA47}"
EndProject
Project("{9A19103F-16F7-4668-BE54-9A1E7A4F7556}") = "Quotes.Common", "Quotes.Common\Quotes.Common.csproj", "{5C7CBBDC-E44C-4D26-A73F-688ADDA922A8}"
EndProject
Global
	GlobalSection(SolutionConfigurationPlatforms) = preSolution
		Debug|Any CPU = Debug|Any CPU
		Release|Any CPU = Release|Any CPU
	EndGlobalSection
	GlobalSection(ProjectConfigurationPlatforms) = postSolution
		{D0539B17-F556-4512-9EBE-4AD173EF7708}.Debug|Any CPU.ActiveCfg = Debug|Any CPU
		{D0539B17-F556-4512-9EBE-4AD173EF7708}.Debug|Any CPU.Build.0 = Debug|Any CPU
		{D0539B17-F556-4512-9EBE-4AD173EF7708}.Release|Any CPU.ActiveCfg = Release|Any CPU
		{D0539B17-F556-4512-9EBE-4AD173EF7708}.Release|Any CPU.Build.0 = Release|Any CPU
		{D68DB3AA-A815-4183-8BE3-B7C5056E8932}.Debug|Any CPU.ActiveCfg = Debug|Any CPU
		{D68DB3AA-A815-4183-8BE3-B7C5056E8932}.Debug|Any CPU.Build.0 = Debug|Any CPU
		{D68DB3AA-A815-4183-8BE3-B7C5056E8932}.Release|Any CPU.ActiveCfg = Release|Any CPU
		{D68DB3AA-A815-4183-8BE3-B7C5056E8932}.Release|Any CPU.Build.0 = Release|Any CPU
		{FA480DD5-7871-46D3-A1F8-B37D3FA11FA5}.Debug|Any CPU.ActiveCfg = Debug|Any CPU
		{FA480DD5-7871-46D3-A1F8-B37D3FA11FA5}.Debug|Any CPU.Build.0 = Debug|Any CPU
		{FA480DD5-7871-46D3-A1F8-B37D3FA11FA5}.Release|Any CPU.ActiveCfg = Release|Any CPU
		{FA480DD5-7871-46D3-A1F8-B37D3FA11FA5}.Release|Any CPU.Build.0 = Release|Any CPU
		{AAFF2910-1150-491A-8A7C-C9FFA98C1375}.Debug|Any CPU.ActiveCfg = Debug|Any CPU
		{AAFF2910-1150-491A-8A7C-C9FFA98C1375}.Debug|Any CPU.Build.0 = Debug|Any CPU
		{AAFF2910-1150-491A-8A7C-C9FFA98C1375}.Release|Any CPU.ActiveCfg = Release|Any CPU
		{AAFF2910-1150-491A-8A7C-C9FFA98C1375}.Release|Any CPU.Build.0 = Release|Any CPU
		{9AB4D4B9-7F63-43A3-88D0-ECA624DEFA47}.Debug|Any CPU.ActiveCfg = Debug|Any CPU
		{9AB4D4B9-7F63-43A3-88D0-ECA624DEFA47}.Debug|Any CPU.Build.0 = Debug|Any CPU
		{9AB4D4B9-7F63-43A3-88D0-ECA624DEFA47}.Release|Any CPU.ActiveCfg = Release|Any CPU
		{9AB4D4B9-7F63-43A3-88D0-ECA624DEFA47}.Release|Any CPU.Build.0 = Release|Any CPU
		{5C7CBBDC-E44C-4D26-A73F-688ADDA922A8}.Debug|Any CPU.ActiveCfg = Debug|Any CPU
		{5C7CBBDC-E44C-4D26-A73F-688ADDA922A8}.Debug|Any CPU.Build.0 = Debug|Any CPU
		{5C7CBBDC-E44C-4D26-A73F-688ADDA922A8}.Release|Any CPU.ActiveCfg = Release|Any CPU
		{5C7CBBDC-E44C-4D26-A73F-688ADDA922A8}.Release|Any CPU.Build.0 = Release|Any CPU
	EndGlobalSection
	GlobalSection(SolutionProperties) = preSolution
		HideSolutionNode = FALSE
	EndGlobalSection
	GlobalSection(NestedProjects) = preSolution
		{D0539B17-F556-4512-9EBE-4AD173EF7708} = {7E1AEDE3-5D92-4E20-A03F-1F54BB8B949D}
		{D68DB3AA-A815-4183-8BE3-B7C5056E8932} = {7E1AEDE3-5D92-4E20-A03F-1F54BB8B949D}
		{FA480DD5-7871-46D3-A1F8-B37D3FA11FA5} = {7E1AEDE3-5D92-4E20-A03F-1F54BB8B949D}
		{AAFF2910-1150-491A-8A7C-C9FFA98C1375} = {9E3EE64F-EF9A-4E0C-902D-2F3DA7B544FB}
		{9AB4D4B9-7F63-43A3-88D0-ECA624DEFA47} = {9E3EE64F-EF9A-4E0C-902D-2F3DA7B544FB}
		{5C7CBBDC-E44C-4D26-A73F-688ADDA922A8} = {7E1AEDE3-5D92-4E20-A03F-1F54BB8B949D}
	EndGlobalSection
	GlobalSection(ExtensibilityGlobals) = postSolution
		SolutionGuid = {B1E6F284-BC8F-4CE3-9121-2B5670DBCFFB}
	EndGlobalSection
EndGlobal
